Microsoft Visual Studio Solution File, Format Version 12.00
# Visual Studio 2012
Project("{FAE04EC0-301F-11D3-BF4B-00C04F79EFBC}") = "Tactical Bisexual Dreams", "Tactical Bisexual Dreams.csproj", "{DD3BE77D-39E2-4D63-BB8A-AB5C648559DE}"
EndProject
Global
	GlobalSection(SolutionConfigurationPlatforms) = preSolution
	Debug|Any CPU = Debug|Any CPU
	ExportDebug|Any CPU = ExportDebug|Any CPU
	ExportRelease|Any CPU = ExportRelease|Any CPU
	EndGlobalSection
	GlobalSection(ProjectConfigurationPlatforms) = postSolution
		{DD3BE77D-39E2-4D63-BB8A-AB5C648559DE}.Debug|Any CPU.ActiveCfg = Debug|Any CPU
		{DD3BE77D-39E2-4D63-BB8A-AB5C648559DE}.Debug|Any CPU.Build.0 = Debug|Any CPU
		{DD3BE77D-39E2-4D63-BB8A-AB5C648559DE}.ExportDebug|Any CPU.ActiveCfg = ExportDebug|Any CPU
		{DD3BE77D-39E2-4D63-BB8A-AB5C648559DE}.ExportDebug|Any CPU.Build.0 = ExportDebug|Any CPU
		{DD3BE77D-39E2-4D63-BB8A-AB5C648559DE}.ExportRelease|Any CPU.ActiveCfg = ExportRelease|Any CPU
		{DD3BE77D-39E2-4D63-BB8A-AB5C648559DE}.ExportRelease|Any CPU.Build.0 = ExportRelease|Any CPU
	EndGlobalSection
EndGlobal
